
Microsoft Visual Studio Solution File, Format Version 12.00
# Visual Studio 15
VisualStudioVersion = 15.0.27703.2047
MinimumVisualStudioVersion = 10.0.40219.1
Project("{FAE04EC0-301F-11D3-BF4B-00C04F79EFBC}") = "jidian", "jidian\jidian.csproj", "{8B6F05C6-A4F8-47A1-9913-8EF639E38CE1}"
EndProject
Global
	GlobalSection(SolutionConfigurationPlatforms) = preSolution
		Debug|Any CPU = Debug|Any CPU
		Release|Any CPU = Release|Any CPU
	EndGlobalSection
	GlobalSection(ProjectConfigurationPlatforms) = postSolution
		{8B6F05C6-A4F8-47A1-9913-8EF639E38CE1}.Debug|Any CPU.ActiveCfg = Debug|Any CPU
		{8B6F05C6-A4F8-47A1-9913-8EF639E38CE1}.Debug|Any CPU.Build.0 = Debug|Any CPU
		{8B6F05C6-A4F8-47A1-9913-8EF639E38CE1}.Release|Any CPU.ActiveCfg = Release|Any CPU
		{8B6F05C6-A4F8-47A1-9913-8EF639E38CE1}.Release|Any CPU.Build.0 = Release|Any CPU
	EndGlobalSection
	GlobalSection(SolutionProperties) = preSolution
		HideSolutionNode = FALSE
	EndGlobalSection
	GlobalSection(ExtensibilityGlobals) = postSolution
		SolutionGuid = {6A9B2272-04A7-4F38-A7B4-E6747577F3F8}
	EndGlobalSection
EndGlobal
